
Microsoft Visual Studio Solution File, Format Version 12.00
# Visual Studio 15
Project("{FAE04EC0-301F-11D3-BF4B-00C04F79EFBC}") = "Assembly-CSharp", "Assembly-CSharp.csproj", "{E64A5B99-E07E-1C6C-C9C5-B660CA8A92EA}"
EndProject
Project("{FAE04EC0-301F-11D3-BF4B-00C04F79EFBC}") = "Assembly-CSharp", "Assembly-CSharp.Player.csproj", "{ED01981C-2449-7A07-9AA7-361E5B4E73A7}"
EndProject
Global
	GlobalSection(SolutionConfigurationPlatforms) = preSolution
		Debug|Any CPU = Debug|Any CPU
		Release|Any CPU = Release|Any CPU
	EndGlobalSection
	GlobalSection(ProjectConfigurationPlatforms) = postSolution
		{E64A5B99-E07E-1C6C-C9C5-B660CA8A92EA}.Debug|Any CPU.ActiveCfg = Debug|Any CPU
		{E64A5B99-E07E-1C6C-C9C5-B660CA8A92EA}.Debug|Any CPU.Build.0 = Debug|Any CPU
		{E64A5B99-E07E-1C6C-C9C5-B660CA8A92EA}.Release|Any CPU.ActiveCfg = Release|Any CPU
		{E64A5B99-E07E-1C6C-C9C5-B660CA8A92EA}.Release|Any CPU.Build.0 = Release|Any CPU
		{ED01981C-2449-7A07-9AA7-361E5B4E73A7}.Debug|Any CPU.ActiveCfg = Debug|Any CPU
		{ED01981C-2449-7A07-9AA7-361E5B4E73A7}.Debug|Any CPU.Build.0 = Debug|Any CPU
		{ED01981C-2449-7A07-9AA7-361E5B4E73A7}.Release|Any CPU.ActiveCfg = Release|Any CPU
		{ED01981C-2449-7A07-9AA7-361E5B4E73A7}.Release|Any CPU.Build.0 = Release|Any CPU
	EndGlobalSection
	GlobalSection(SolutionProperties) = preSolution
		HideSolutionNode = FALSE
	EndGlobalSection
EndGlobal
